<?xml version="1.0" encoding="utf-8"?>
<Project ToolsVersion="4.0" xmlns="http://schemas.microsoft.com/developer/msbuild/2003">
  <ItemGroup>
    <Filter Include="Source Files">
      <UniqueIdentifier>{4FC737F1-C7A5-4376-A066-2A32D752A2FF}</UniqueIdentifier>
      <Extensions>cpp;c;cc;cxx;c++;def;odl;idl;hpj;bat;asm;asmx</Extensions>
    </Filter>
    <Filter Include="Header Files">
      <UniqueIdentifier>{93995380-89BD-4b04-88EB-625FBE52EBFB}</UniqueIdentifier>
      <Extensions>h;hh;hpp;hxx;h++;hm;inl;inc;ipp;xsd</Extensions>
    </Filter>
    <Filter Include="Resource Files">
      <UniqueIdentifier>{67DA6AB6-F800-4c08-8B7A-83BB121AAD01}</UniqueIdentifier>
      <Extensions>rc;ico;cur;bmp;dlg;rc2;rct;bin;rgs;gif;jpg;jpeg;jpe;resx;tiff;tif;png;wav;mfcribbon-ms</Extensions>
    </Filter>
  </ItemGroup>
  <ItemGroup>
    <ClCompile Include="week1-1-bootStrap.cpp">
      <Filter>Source Files</Filter>
    </ClCompile>
    <ClCompile Include="week1-2-simpleSample.cpp">
      <Filter>Source Files</Filter>
    </ClCompile>
    <ClCompile Include="week1-3-Transformartions.cpp">
      <Filter>Source Files</Filter>
    </ClCompile>
    <ClCompile Include="week1-4-LookAtDemo.cpp">
      <Filter>Source Files</Filter>
    </ClCompile>
    <ClCompile Include="week1-5-multipleViewPorts.cpp">
      <Filter>Source Files</Filter>
    </ClCompile>
    <ClCompile Include="Week5-3-TrayDemo.cpp">
      <Filter>Source Files</Filter>
    </ClCompile>
    <ClCompile Include="Week5-4-TrayDemo2.cpp">
      <Filter>Source Files</Filter>
    </ClCompile>
    <ClCompile Include="week5-5-TrayButtonDemo.cpp">
      <Filter>Source Files</Filter>
    </ClCompile>
    <ClCompile Include="week5-6-TrayFrameStatsDemo.cpp">
      <Filter>Source Files</Filter>
    </ClCompile>
    <ClCompile Include="week5-7-TrayFrameStatsDemo.cpp">
      <Filter>Source Files</Filter>
    </ClCompile>
    <ClCompile Include="Week4-1-ManualObjectDemo.cpp">
      <Filter>Source Files</Filter>
    </ClCompile>
    <ClCompile Include="Week4-2-ManualObjectInteractiveDemo.cpp">
      <Filter>Source Files</Filter>
    </ClCompile>
    <ClCompile Include="Week4-3-ManualObjectAnimationDemo.cpp">
      <Filter>Source Files</Filter>
    </ClCompile>
    <ClCompile Include="Week4-4-ManualObjectColored.cpp">
      <Filter>Source Files</Filter>
    </ClCompile>
    <ClCompile Include="Week4-5-ManualObjectCubeDemo.cpp">
      <Filter>Source Files</Filter>
    </ClCompile>
    <ClCompile Include="Week4-6-ManualObjectIndexDemo.cpp">
      <Filter>Source Files</Filter>
    </ClCompile>
    <ClCompile Include="Week4-7-Material1Demo.cpp">
      <Filter>Source Files</Filter>
    </ClCompile>
    <ClCompile Include="Week4-8-Material3Demo.cpp">
      <Filter>Source Files</Filter>
    </ClCompile>
    <ClCompile Include="Week4-9-Material4Demo.cpp">
      <Filter>Source Files</Filter>
    </ClCompile>
    <ClCompile Include="Week4-10-Material5Demo.cpp">
      <Filter>Source Files</Filter>
    </ClCompile>
    <ClCompile Include="Week4-11-Material7Demo.cpp">
      <Filter>Source Files</Filter>
    </ClCompile>
    <ClCompile Include="Week4-12-Material8Demo.cpp">
      <Filter>Source Files</Filter>
    </ClCompile>
    <ClCompile Include="Week4-13-Material9Demo.cpp">
      <Filter>Source Files</Filter>
    </ClCompile>
    <ClCompile Include="Week4-14-Material10Demo.cpp">
      <Filter>Source Files</Filter>
    </ClCompile>
    <ClCompile Include="Week4-15-Material12Demo.cpp">
      <Filter>Source Files</Filter>
    </ClCompile>
    <ClCompile Include="Week3-1-Sinbad.cpp">
      <Filter>Source Files</Filter>
    </ClCompile>
    <ClCompile Include="Week3-2-SinbadMesh.cpp">
      <Filter>Source Files</Filter>
    </ClCompile>
    <ClCompile Include="Week3-3-CameraWireframe.cpp">
      <Filter>Source Files</Filter>
    </ClCompile>
    <ClCompile Include="Week3-4-AddMovingToScene.cpp">
      <Filter>Source Files</Filter>
    </ClCompile>
    <ClCompile Include="Week3-5-FrameListenerDemo.cpp">
      <Filter>Source Files</Filter>
    </ClCompile>
    <ClCompile Include="Week3-6-FrameIndependentDemo.cpp">
      <Filter>Source Files</Filter>
    </ClCompile>
    <ClCompile Include="Week3-7-InteractiveAnimationDemo.cpp">
      <Filter>Source Files</Filter>
    </ClCompile>
    <ClCompile Include="Week3-8-CameraDemo.cpp">
      <Filter>Source Files</Filter>
    </ClCompile>
    <ClCompile Include="Week3-9-LocalSpaceDemo.cpp">
      <Filter>Source Files</Filter>
    </ClCompile>
    <ClCompile Include="Week3-10-TimerDemo.cpp">
      <Filter>Source Files</Filter>
    </ClCompile>
  </ItemGroup>
  <ItemGroup>
    <None Include="FlatVertexColour.material">
      <Filter>Source Files</Filter>
    </None>
    <None Include="MyMaterials.material">
      <Filter>Source Files</Filter>
    </None>
  </ItemGroup>
  <ItemGroup>
    <ClInclude Include="ConsoleColor.h">
      <Filter>Header Files</Filter>
    </ClInclude>
  </ItemGroup>
</Project>